PODS:
  - RxBinding (0.5):
    - RxCocoa (~> 6)
    - RxSwift (~> 6)
  - RxCocoa (6.2.0):
    - RxRelay (= 6.2.0)
    - RxSwift (= 6.2.0)
  - RxRelay (6.2.0):
    - RxSwift (= 6.2.0)
  - RxSwift (6.2.0)

DEPENDENCIES:
  - RxBinding
  - RxCocoa (= 6.2.0)
  - RxSwift (= 6.2.0)

SPEC REPOS:
  trunk:
    - RxBinding
    - RxCocoa
    - RxRelay
    - RxSwift

SPEC CHECKSUMS:
  RxBinding: e3c76d02d0ee3f1a306a0fb8e8ef6f2eda65a375
  RxCocoa: 4baf94bb35f2c0ab31bc0cb9f1900155f646ba42
  RxRelay: e72dbfd157807478401ef1982e1c61c945c94b2f
  RxSwift: d356ab7bee873611322f134c5f9ef379fa183d8f

PODFILE CHECKSUM: 3ec123e1af342e4e02ce43c731dcecd294474df5

COCOAPODS: 1.10.1
